
Microsoft Visual Studio Solution File, Format Version 12.00
# Visual Studio Version 16
VisualStudioVersion = 16.0.31112.23
MinimumVisualStudioVersion = 10.0.40219.1
Project("{FAE04EC0-301F-11D3-BF4B-00C04F79EFBC}") = "ZTBDLoader2", "ZTBDLoader2\ZTBDLoader2.csproj", "{DAF0893A-5CD5-46D5-805B-7BADF72F396F}"
EndProject
Global
	GlobalSection(SolutionConfigurationPlatforms) = preSolution
		Debug|Any CPU = Debug|Any CPU
		Release|Any CPU = Release|Any CPU
	EndGlobalSection
	GlobalSection(ProjectConfigurationPlatforms) = postSolution
		{DAF0893A-5CD5-46D5-805B-7BADF72F396F}.Debug|Any CPU.ActiveCfg = Debug|Any CPU
		{DAF0893A-5CD5-46D5-805B-7BADF72F396F}.Debug|Any CPU.Build.0 = Debug|Any CPU
		{DAF0893A-5CD5-46D5-805B-7BADF72F396F}.Release|Any CPU.ActiveCfg = Release|Any CPU
		{DAF0893A-5CD5-46D5-805B-7BADF72F396F}.Release|Any CPU.Build.0 = Release|Any CPU
	EndGlobalSection
	GlobalSection(SolutionProperties) = preSolution
		HideSolutionNode = FALSE
	EndGlobalSection
	GlobalSection(ExtensibilityGlobals) = postSolution
		SolutionGuid = {247DDC05-6F48-440A-A774-6D81557672DC}
	EndGlobalSection
EndGlobal
